
Microsoft Visual Studio Solution File, Format Version 12.00
# Visual Studio 14
VisualStudioVersion = 14.0.25420.1
MinimumVisualStudioVersion = 10.0.40219.1
Project("{FAE04EC0-301F-11D3-BF4B-00C04F79EFBC}") = "Report.Repository.Common", "Report.Repository.Common\Report.Repository.Common.csproj", "{984176E5-8C46-40D8-9234-191AE0E6AC60}"
EndProject
Project("{FAE04EC0-301F-11D3-BF4B-00C04F79EFBC}") = "Report.Service.Common", "Report.Service.Common\Report.Service.Common.csproj", "{264C41A1-2843-440B-A0FA-BC126BF0F037}"
EndProject
Project("{FAE04EC0-301F-11D3-BF4B-00C04F79EFBC}") = "Report.Model.Common", "Report.Model.Common\Report.Model.Common.csproj", "{524C6546-BB05-4F7B-ADF9-E00471DA0C27}"
EndProject
Global
	GlobalSection(SolutionConfigurationPlatforms) = preSolution
		Debug|Any CPU = Debug|Any CPU
		Release|Any CPU = Release|Any CPU
	EndGlobalSection
	GlobalSection(ProjectConfigurationPlatforms) = postSolution
		{984176E5-8C46-40D8-9234-191AE0E6AC60}.Debug|Any CPU.ActiveCfg = Debug|Any CPU
		{984176E5-8C46-40D8-9234-191AE0E6AC60}.Debug|Any CPU.Build.0 = Debug|Any CPU
		{984176E5-8C46-40D8-9234-191AE0E6AC60}.Release|Any CPU.ActiveCfg = Release|Any CPU
		{984176E5-8C46-40D8-9234-191AE0E6AC60}.Release|Any CPU.Build.0 = Release|Any CPU
		{264C41A1-2843-440B-A0FA-BC126BF0F037}.Debug|Any CPU.ActiveCfg = Debug|Any CPU
		{264C41A1-2843-440B-A0FA-BC126BF0F037}.Debug|Any CPU.Build.0 = Debug|Any CPU
		{264C41A1-2843-440B-A0FA-BC126BF0F037}.Release|Any CPU.ActiveCfg = Release|Any CPU
		{264C41A1-2843-440B-A0FA-BC126BF0F037}.Release|Any CPU.Build.0 = Release|Any CPU
		{524C6546-BB05-4F7B-ADF9-E00471DA0C27}.Debug|Any CPU.ActiveCfg = Debug|Any CPU
		{524C6546-BB05-4F7B-ADF9-E00471DA0C27}.Debug|Any CPU.Build.0 = Debug|Any CPU
		{524C6546-BB05-4F7B-ADF9-E00471DA0C27}.Release|Any CPU.ActiveCfg = Release|Any CPU
		{524C6546-BB05-4F7B-ADF9-E00471DA0C27}.Release|Any CPU.Build.0 = Release|Any CPU
	EndGlobalSection
	GlobalSection(SolutionProperties) = preSolution
		HideSolutionNode = FALSE
	EndGlobalSection
EndGlobal
